
Microsoft Visual Studio Solution File, Format Version 12.00
# Visual Studio 15
Project("{FAE04EC0-301F-11D3-BF4B-00C04F79EFBC}") = "Assembly-CSharp", "Assembly-CSharp.csproj", "{F2186EE7-3C90-E91F-D18B-8867CEF3D2CA}"
EndProject
Project("{FAE04EC0-301F-11D3-BF4B-00C04F79EFBC}") = "Assembly-CSharp-Editor-firstpass", "Assembly-CSharp-Editor-firstpass.csproj", "{3AD48268-C29C-44F7-00F4-FD565F1BDA83}"
EndProject
Global
	GlobalSection(SolutionConfigurationPlatforms) = preSolution
		Debug|Any CPU = Debug|Any CPU
		Release|Any CPU = Release|Any CPU
	EndGlobalSection
	GlobalSection(ProjectConfigurationPlatforms) = postSolution
		{F2186EE7-3C90-E91F-D18B-8867CEF3D2CA}.Debug|Any CPU.ActiveCfg = Debug|Any CPU
		{F2186EE7-3C90-E91F-D18B-8867CEF3D2CA}.Debug|Any CPU.Build.0 = Debug|Any CPU
		{F2186EE7-3C90-E91F-D18B-8867CEF3D2CA}.Release|Any CPU.ActiveCfg = Release|Any CPU
		{F2186EE7-3C90-E91F-D18B-8867CEF3D2CA}.Release|Any CPU.Build.0 = Release|Any CPU
		{3AD48268-C29C-44F7-00F4-FD565F1BDA83}.Debug|Any CPU.ActiveCfg = Debug|Any CPU
		{3AD48268-C29C-44F7-00F4-FD565F1BDA83}.Debug|Any CPU.Build.0 = Debug|Any CPU
		{3AD48268-C29C-44F7-00F4-FD565F1BDA83}.Release|Any CPU.ActiveCfg = Release|Any CPU
		{3AD48268-C29C-44F7-00F4-FD565F1BDA83}.Release|Any CPU.Build.0 = Release|Any CPU
	EndGlobalSection
	GlobalSection(SolutionProperties) = preSolution
		HideSolutionNode = FALSE
	EndGlobalSection
EndGlobal
